
Microsoft Visual Studio Solution File, Format Version 12.00
# Visual Studio Version 17
VisualStudioVersion = 17.6.33829.357
MinimumVisualStudioVersion = 10.0.40219.1
Project("{FAE04EC0-301F-11D3-BF4B-00C04F79EFBC}") = "WebRTCStranger", "WebRTCStranger\WebRTCStranger.csproj", "{068FE2B0-8803-4D66-948D-1587B8E12240}"
EndProject
Global
	GlobalSection(SolutionConfigurationPlatforms) = preSolution
		Debug|Any CPU = Debug|Any CPU
		Release|Any CPU = Release|Any CPU
	EndGlobalSection
	GlobalSection(ProjectConfigurationPlatforms) = postSolution
		{068FE2B0-8803-4D66-948D-1587B8E12240}.Debug|Any CPU.ActiveCfg = Debug|Any CPU
		{068FE2B0-8803-4D66-948D-1587B8E12240}.Debug|Any CPU.Build.0 = Debug|Any CPU
		{068FE2B0-8803-4D66-948D-1587B8E12240}.Release|Any CPU.ActiveCfg = Release|Any CPU
		{068FE2B0-8803-4D66-948D-1587B8E12240}.Release|Any CPU.Build.0 = Release|Any CPU
	EndGlobalSection
	GlobalSection(SolutionProperties) = preSolution
		HideSolutionNode = FALSE
	EndGlobalSection
	GlobalSection(ExtensibilityGlobals) = postSolution
		SolutionGuid = {46CC9D08-00C4-4FBD-A805-2DAA89CF472C}
	EndGlobalSection
EndGlobal
